
Microsoft Visual Studio Solution File, Format Version 12.00
# Visual Studio Version 17
VisualStudioVersion = 17.5.002.0
MinimumVisualStudioVersion = 10.0.40219.1
Project("{9A19103F-16F7-4668-BE54-9A1E7A4F7556}") = ".", "..csproj", "{32618581-CEA1-47EE-A066-5BF2791EE6AF}"
EndProject
Global
	GlobalSection(SolutionConfigurationPlatforms) = preSolution
		Debug|Any CPU = Debug|Any CPU
		Release|Any CPU = Release|Any CPU
	EndGlobalSection
	GlobalSection(ProjectConfigurationPlatforms) = postSolution
		{32618581-CEA1-47EE-A066-5BF2791EE6AF}.Debug|Any CPU.ActiveCfg = Debug|Any CPU
		{32618581-CEA1-47EE-A066-5BF2791EE6AF}.Debug|Any CPU.Build.0 = Debug|Any CPU
		{32618581-CEA1-47EE-A066-5BF2791EE6AF}.Release|Any CPU.ActiveCfg = Release|Any CPU
		{32618581-CEA1-47EE-A066-5BF2791EE6AF}.Release|Any CPU.Build.0 = Release|Any CPU
	EndGlobalSection
	GlobalSection(SolutionProperties) = preSolution
		HideSolutionNode = FALSE
	EndGlobalSection
	GlobalSection(ExtensibilityGlobals) = postSolution
		SolutionGuid = {6436A7C0-6C24-452C-A47A-50449614BD8E}
	EndGlobalSection
EndGlobal
